
Microsoft Visual Studio Solution File, Format Version 12.00
# Visual Studio Version 16
VisualStudioVersion = 16.0.30406.217
MinimumVisualStudioVersion = 10.0.40219.1
Project("{FAE04EC0-301F-11D3-BF4B-00C04F79EFBC}") = "FormativaFinal", "FormativaFinalJC\FormativaFinal.csproj", "{7DC016F1-79A1-4560-A164-1CF32292FFFC}"
EndProject
Global
	GlobalSection(SolutionConfigurationPlatforms) = preSolution
		Debug|Any CPU = Debug|Any CPU
		Release|Any CPU = Release|Any CPU
	EndGlobalSection
	GlobalSection(ProjectConfigurationPlatforms) = postSolution
		{7DC016F1-79A1-4560-A164-1CF32292FFFC}.Debug|Any CPU.ActiveCfg = Debug|Any CPU
		{7DC016F1-79A1-4560-A164-1CF32292FFFC}.Debug|Any CPU.Build.0 = Debug|Any CPU
		{7DC016F1-79A1-4560-A164-1CF32292FFFC}.Release|Any CPU.ActiveCfg = Release|Any CPU
		{7DC016F1-79A1-4560-A164-1CF32292FFFC}.Release|Any CPU.Build.0 = Release|Any CPU
	EndGlobalSection
	GlobalSection(SolutionProperties) = preSolution
		HideSolutionNode = FALSE
	EndGlobalSection
	GlobalSection(ExtensibilityGlobals) = postSolution
		SolutionGuid = {0FFD8AE2-1019-4406-A6EF-221CA8E158EB}
	EndGlobalSection
EndGlobal
